
Microsoft Visual Studio Solution File, Format Version 12.00
# Visual Studio Version 16
VisualStudioVersion = 16.0.30611.23
MinimumVisualStudioVersion = 10.0.40219.1
Project("{FAE04EC0-301F-11D3-BF4B-00C04F79EFBC}") = "ManipuladorDeEvantos", "ManipuladorDeEvantos.csproj", "{5A1D9710-F6D9-4B12-80A9-BFF3E7A73EB1}"
EndProject
Project("{FAE04EC0-301F-11D3-BF4B-00C04F79EFBC}") = "WinHandler", "WinHandler\WinHandler\WinHandler.csproj", "{11BB5C25-4486-4EE9-BEDF-AB59F131886C}"
EndProject
Global
	GlobalSection(SolutionConfigurationPlatforms) = preSolution
		Debug|Any CPU = Debug|Any CPU
		Release|Any CPU = Release|Any CPU
	EndGlobalSection
	GlobalSection(ProjectConfigurationPlatforms) = postSolution
		{5A1D9710-F6D9-4B12-80A9-BFF3E7A73EB1}.Debug|Any CPU.ActiveCfg = Debug|Any CPU
		{5A1D9710-F6D9-4B12-80A9-BFF3E7A73EB1}.Debug|Any CPU.Build.0 = Debug|Any CPU
		{5A1D9710-F6D9-4B12-80A9-BFF3E7A73EB1}.Release|Any CPU.ActiveCfg = Release|Any CPU
		{5A1D9710-F6D9-4B12-80A9-BFF3E7A73EB1}.Release|Any CPU.Build.0 = Release|Any CPU
		{11BB5C25-4486-4EE9-BEDF-AB59F131886C}.Debug|Any CPU.ActiveCfg = Debug|Any CPU
		{11BB5C25-4486-4EE9-BEDF-AB59F131886C}.Debug|Any CPU.Build.0 = Debug|Any CPU
		{11BB5C25-4486-4EE9-BEDF-AB59F131886C}.Release|Any CPU.ActiveCfg = Release|Any CPU
		{11BB5C25-4486-4EE9-BEDF-AB59F131886C}.Release|Any CPU.Build.0 = Release|Any CPU
	EndGlobalSection
	GlobalSection(SolutionProperties) = preSolution
		HideSolutionNode = FALSE
	EndGlobalSection
	GlobalSection(ExtensibilityGlobals) = postSolution
		SolutionGuid = {657670D1-8ED5-48C3-AF5E-729AB772A0FF}
	EndGlobalSection
EndGlobal
